# THIS IS AN AUTOGENERATED FILE. DO NOT EDIT THIS FILE DIRECTLY.
# yarn lockfile v1


gmaps@hpneo/gmaps:
  version "0.4.25"
  resolved "https://codeload.github.com/hpneo/gmaps/tar.gz/7f0534834308cdce4d20ead97a2efef435ac5b99"

jquery@^3.3.1:
  version "3.3.1"
  resolved "https://registry.yarnpkg.com/jquery/-/jquery-3.3.1.tgz#958ce29e81c9790f31be7792df5d4d95fc57fbca"

v3-utility-library@googlemaps/v3-utility-library:
  version "0.0.0"
  resolved "https://codeload.github.com/googlemaps/v3-utility-library/tar.gz/ae6306c4e4421750f83de9cd3858db2270eeb6ce"
